
Microsoft Visual Studio Solution File, Format Version 12.00
# Visual Studio Version 16
VisualStudioVersion = 16.0.30611.23
MinimumVisualStudioVersion = 10.0.40219.1
Project("{FAE04EC0-301F-11D3-BF4B-00C04F79EFBC}") = "ppedv.BooksTracker.Model", "ppedv.BooksTracker.Model\ppedv.BooksTracker.Model.csproj", "{F5B5377D-F5BB-46F3-95F3-CE8C3F61C7B0}"
EndProject
Project("{FAE04EC0-301F-11D3-BF4B-00C04F79EFBC}") = "ppedv.BooksTracker.Data.EF", "ppedv.BooksTracker.Data.EF\ppedv.BooksTracker.Data.EF.csproj", "{21ACAD01-246C-4F84-AA8D-9BC74551829E}"
EndProject
Project("{FAE04EC0-301F-11D3-BF4B-00C04F79EFBC}") = "ppedv.BooksTracker.Data.EF.Tests", "ppedv.BooksTracker.Data.EF.Tests\ppedv.BooksTracker.Data.EF.Tests.csproj", "{8AA78EF5-E986-455C-80F6-3AEE1BA65576}"
EndProject
Project("{FAE04EC0-301F-11D3-BF4B-00C04F79EFBC}") = "ppedv.BooksTracker.Logic", "ppedv.BooksTracker.Logic\ppedv.BooksTracker.Logic.csproj", "{2ACA7053-FDBB-4688-9315-2FB207509D08}"
EndProject
Global
	GlobalSection(SolutionConfigurationPlatforms) = preSolution
		Debug|Any CPU = Debug|Any CPU
		Release|Any CPU = Release|Any CPU
	EndGlobalSection
	GlobalSection(ProjectConfigurationPlatforms) = postSolution
		{F5B5377D-F5BB-46F3-95F3-CE8C3F61C7B0}.Debug|Any CPU.ActiveCfg = Debug|Any CPU
		{F5B5377D-F5BB-46F3-95F3-CE8C3F61C7B0}.Debug|Any CPU.Build.0 = Debug|Any CPU
		{F5B5377D-F5BB-46F3-95F3-CE8C3F61C7B0}.Release|Any CPU.ActiveCfg = Release|Any CPU
		{F5B5377D-F5BB-46F3-95F3-CE8C3F61C7B0}.Release|Any CPU.Build.0 = Release|Any CPU
		{21ACAD01-246C-4F84-AA8D-9BC74551829E}.Debug|Any CPU.ActiveCfg = Debug|Any CPU
		{21ACAD01-246C-4F84-AA8D-9BC74551829E}.Debug|Any CPU.Build.0 = Debug|Any CPU
		{21ACAD01-246C-4F84-AA8D-9BC74551829E}.Release|Any CPU.ActiveCfg = Release|Any CPU
		{21ACAD01-246C-4F84-AA8D-9BC74551829E}.Release|Any CPU.Build.0 = Release|Any CPU
		{8AA78EF5-E986-455C-80F6-3AEE1BA65576}.Debug|Any CPU.ActiveCfg = Debug|Any CPU
		{8AA78EF5-E986-455C-80F6-3AEE1BA65576}.Debug|Any CPU.Build.0 = Debug|Any CPU
		{8AA78EF5-E986-455C-80F6-3AEE1BA65576}.Release|Any CPU.ActiveCfg = Release|Any CPU
		{8AA78EF5-E986-455C-80F6-3AEE1BA65576}.Release|Any CPU.Build.0 = Release|Any CPU
		{2ACA7053-FDBB-4688-9315-2FB207509D08}.Debug|Any CPU.ActiveCfg = Debug|Any CPU
		{2ACA7053-FDBB-4688-9315-2FB207509D08}.Debug|Any CPU.Build.0 = Debug|Any CPU
		{2ACA7053-FDBB-4688-9315-2FB207509D08}.Release|Any CPU.ActiveCfg = Release|Any CPU
		{2ACA7053-FDBB-4688-9315-2FB207509D08}.Release|Any CPU.Build.0 = Release|Any CPU
	EndGlobalSection
	GlobalSection(SolutionProperties) = preSolution
		HideSolutionNode = FALSE
	EndGlobalSection
	GlobalSection(ExtensibilityGlobals) = postSolution
		SolutionGuid = {569CE1B2-4BDE-4F5B-8883-B7E27ECB167F}
	EndGlobalSection
EndGlobal
