
Microsoft Visual Studio Solution File, Format Version 12.00
# Visual Studio Version 16
VisualStudioVersion = 16.0.30523.141
MinimumVisualStudioVersion = 10.0.40219.1
Project("{FAE04EC0-301F-11D3-BF4B-00C04F79EFBC}") = "HalloLayout", "HalloLayout\HalloLayout.csproj", "{F4842359-E0AE-4538-BFD9-FDAC436D2E2E}"
EndProject
Global
	GlobalSection(SolutionConfigurationPlatforms) = preSolution
		Debug|Any CPU = Debug|Any CPU
		Release|Any CPU = Release|Any CPU
	EndGlobalSection
	GlobalSection(ProjectConfigurationPlatforms) = postSolution
		{F4842359-E0AE-4538-BFD9-FDAC436D2E2E}.Debug|Any CPU.ActiveCfg = Debug|Any CPU
		{F4842359-E0AE-4538-BFD9-FDAC436D2E2E}.Debug|Any CPU.Build.0 = Debug|Any CPU
		{F4842359-E0AE-4538-BFD9-FDAC436D2E2E}.Release|Any CPU.ActiveCfg = Release|Any CPU
		{F4842359-E0AE-4538-BFD9-FDAC436D2E2E}.Release|Any CPU.Build.0 = Release|Any CPU
	EndGlobalSection
	GlobalSection(SolutionProperties) = preSolution
		HideSolutionNode = FALSE
	EndGlobalSection
	GlobalSection(ExtensibilityGlobals) = postSolution
		SolutionGuid = {F2793F78-0EB6-4F73-9904-48F13D79C49D}
	EndGlobalSection
EndGlobal
