
Microsoft Visual Studio Solution File, Format Version 12.00
# Visual Studio Version 16
VisualStudioVersion = 16.0.30611.23
MinimumVisualStudioVersion = 10.0.40219.1
Project("{FAE04EC0-301F-11D3-BF4B-00C04F79EFBC}") = "HalloAsync", "HalloAsync\HalloAsync.csproj", "{443F9B63-BD41-44DB-896A-E9A71C449135}"
EndProject
Global
	GlobalSection(SolutionConfigurationPlatforms) = preSolution
		Debug|Any CPU = Debug|Any CPU
		Release|Any CPU = Release|Any CPU
	EndGlobalSection
	GlobalSection(ProjectConfigurationPlatforms) = postSolution
		{443F9B63-BD41-44DB-896A-E9A71C449135}.Debug|Any CPU.ActiveCfg = Debug|Any CPU
		{443F9B63-BD41-44DB-896A-E9A71C449135}.Debug|Any CPU.Build.0 = Debug|Any CPU
		{443F9B63-BD41-44DB-896A-E9A71C449135}.Release|Any CPU.ActiveCfg = Release|Any CPU
		{443F9B63-BD41-44DB-896A-E9A71C449135}.Release|Any CPU.Build.0 = Release|Any CPU
	EndGlobalSection
	GlobalSection(SolutionProperties) = preSolution
		HideSolutionNode = FALSE
	EndGlobalSection
	GlobalSection(ExtensibilityGlobals) = postSolution
		SolutionGuid = {F00179C2-99DB-4E48-A776-CEE772D3FA58}
	EndGlobalSection
EndGlobal
